// !$*UTF8*$!
{
	archiveVersion = 1;
	classes = {
	};
	objectVersion = 56;
	objects = {

/* Begin PBXBuildFile section */
		350607642A02832D00A31BE6 /* StatsView.swift in Sources */ = {isa = PBXBuildFile; fileRef = 350607632A02832D00A31BE6 /* StatsView.swift */; };
		350607672A02837B00A31BE6 /* StatsItemView.swift in Sources */ = {isa = PBXBuildFile; fileRef = 350607662A02837B00A31BE6 /* StatsItemView.swift */; };
		350607692A0427C800A31BE6 /* StepsView.swift in Sources */ = {isa = PBXBuildFile; fileRef = 350607682A0427C800A31BE6 /* StepsView.swift */; };
		3506076F2A04294500A31BE6 /* WABarsView.swift in Sources */ = {isa = PBXBuildFile; fileRef = 3506076E2A04294500A31BE6 /* WABarsView.swift */; };
		350607712A042D8100A31BE6 /* WABarView.swift in Sources */ = {isa = PBXBuildFile; fileRef = 350607702A042D8100A31BE6 /* WABarView.swift */; };
		350607742A04F77600A31BE6 /* DailyPerformanceView.swift in Sources */ = {isa = PBXBuildFile; fileRef = 350607732A04F77600A31BE6 /* DailyPerformanceView.swift */; };
		350607782A050A8B00A31BE6 /* MonthlyPerformanceView.swift in Sources */ = {isa = PBXBuildFile; fileRef = 350607772A050A8B00A31BE6 /* MonthlyPerformanceView.swift */; };
		3506077C2A050D2400A31BE6 /* WAChartsView.swift in Sources */ = {isa = PBXBuildFile; fileRef = 3506077B2A050D2400A31BE6 /* WAChartsView.swift */; };
		3506077E2A0559D200A31BE6 /* YAxisView.swift in Sources */ = {isa = PBXBuildFile; fileRef = 3506077D2A0559D200A31BE6 /* YAxisView.swift */; };
		350607802A0563C300A31BE6 /* XAxisView.swift in Sources */ = {isa = PBXBuildFile; fileRef = 3506077F2A0563C300A31BE6 /* XAxisView.swift */; };
		350607832A058A7A00A31BE6 /* ChartView.swift in Sources */ = {isa = PBXBuildFile; fileRef = 350607822A058A7A00A31BE6 /* ChartView.swift */; };
		350607872A06579300A31BE6 /* SectionHeader.swift in Sources */ = {isa = PBXBuildFile; fileRef = 350607862A06579300A31BE6 /* SectionHeader.swift */; };
		351EB63729F514C80084A202 /* AppDelegate.swift in Sources */ = {isa = PBXBuildFile; fileRef = 351EB63629F514C80084A202 /* AppDelegate.swift */; };
		351EB63929F514C80084A202 /* SceneDelegate.swift in Sources */ = {isa = PBXBuildFile; fileRef = 351EB63829F514C80084A202 /* SceneDelegate.swift */; };
		351EB63B29F514C80084A202 /* OverviewController.swift in Sources */ = {isa = PBXBuildFile; fileRef = 351EB63A29F514C80084A202 /* OverviewController.swift */; };
		351EB64029F514CB0084A202 /* Assets.xcassets in Resources */ = {isa = PBXBuildFile; fileRef = 351EB63F29F514CB0084A202 /* Assets.xcassets */; };
		351EB64329F514CB0084A202 /* LaunchScreen.storyboard in Resources */ = {isa = PBXBuildFile; fileRef = 351EB64129F514CB0084A202 /* LaunchScreen.storyboard */; };
		351EB64D29F5170F0084A202 /* TabBarController.swift in Sources */ = {isa = PBXBuildFile; fileRef = 351EB64C29F5170F0084A202 /* TabBarController.swift */; };
		351EB65029F5191D0084A202 /* UIColor+ext.swift in Sources */ = {isa = PBXBuildFile; fileRef = 351EB64F29F5191D0084A202 /* UIColor+ext.swift */; };
		351EB65329F51A390084A202 /* R.swift in Sources */ = {isa = PBXBuildFile; fileRef = 351EB65229F51A390084A202 /* R.swift */; };
		351EB65529F52B0A0084A202 /* NavBarController.swift in Sources */ = {isa = PBXBuildFile; fileRef = 351EB65429F52B0A0084A202 /* NavBarController.swift */; };
		351EB65829F52F770084A202 /* BaseController.swift in Sources */ = {isa = PBXBuildFile; fileRef = 351EB65729F52F770084A202 /* BaseController.swift */; };
		351EB65A29F531720084A202 /* UIView+ext.swift in Sources */ = {isa = PBXBuildFile; fileRef = 351EB65929F531720084A202 /* UIView+ext.swift */; };
		351EB66129F533A30084A202 /* SessionController.swift in Sources */ = {isa = PBXBuildFile; fileRef = 351EB66029F533A30084A202 /* SessionController.swift */; };
		351EB66329F543400084A202 /* ProgressController.swift in Sources */ = {isa = PBXBuildFile; fileRef = 351EB66229F543400084A202 /* ProgressController.swift */; };
		351EB66529F543550084A202 /* SettingsController.swift in Sources */ = {isa = PBXBuildFile; fileRef = 351EB66429F543550084A202 /* SettingsController.swift */; };
		351EB66829F5507B0084A202 /* WAButton.swift in Sources */ = {isa = PBXBuildFile; fileRef = 351EB66729F5507B0084A202 /* WAButton.swift */; };
		351EB66A29F5A5580084A202 /* OverviewNavBar.swift in Sources */ = {isa = PBXBuildFile; fileRef = 351EB66929F5A5580084A202 /* OverviewNavBar.swift */; };
		351EB66C29F5A59A0084A202 /* WABaseView.swift in Sources */ = {isa = PBXBuildFile; fileRef = 351EB66B29F5A59A0084A202 /* WABaseView.swift */; };
		351EB66F29F67E7B0084A202 /* WeekView.swift in Sources */ = {isa = PBXBuildFile; fileRef = 351EB66E29F67E7B0084A202 /* WeekView.swift */; };
		351EB67129F680800084A202 /* WeekdayView.swift in Sources */ = {isa = PBXBuildFile; fileRef = 351EB67029F680800084A202 /* WeekdayView.swift */; };
		351EB67329F688BF0084A202 /* Date+ext.swift in Sources */ = {isa = PBXBuildFile; fileRef = 351EB67229F688BF0084A202 /* Date+ext.swift */; };
		351EB67729F6978D0084A202 /* WABaseInfoView.swift in Sources */ = {isa = PBXBuildFile; fileRef = 351EB67629F6978D0084A202 /* WABaseInfoView.swift */; };
		357E75E229FA6CD700DAC53D /* TimerView.swift in Sources */ = {isa = PBXBuildFile; fileRef = 357E75E129FA6CD700DAC53D /* TimerView.swift */; };
		357E75E529FA6D7500DAC53D /* ProgressView.swift in Sources */ = {isa = PBXBuildFile; fileRef = 357E75E429FA6D7500DAC53D /* ProgressView.swift */; };
		35BE0C0C2A01838D008F539F /* PercentView.swift in Sources */ = {isa = PBXBuildFile; fileRef = 35BE0C0B2A01838D008F539F /* PercentView.swift */; };
/* End PBXBuildFile section */

/* Begin PBXFileReference section */
		350607632A02832D00A31BE6 /* StatsView.swift */ = {isa = PBXFileReference; lastKnownFileType = sourcecode.swift; path = StatsView.swift; sourceTree = "<group>"; };
		350607662A02837B00A31BE6 /* StatsItemView.swift */ = {isa = PBXFileReference; lastKnownFileType = sourcecode.swift; path = StatsItemView.swift; sourceTree = "<group>"; };
		350607682A0427C800A31BE6 /* StepsView.swift */ = {isa = PBXFileReference; lastKnownFileType = sourcecode.swift; path = StepsView.swift; sourceTree = "<group>"; };
		3506076E2A04294500A31BE6 /* WABarsView.swift */ = {isa = PBXFileReference; lastKnownFileType = sourcecode.swift; path = WABarsView.swift; sourceTree = "<group>"; };
		350607702A042D8100A31BE6 /* WABarView.swift */ = {isa = PBXFileReference; lastKnownFileType = sourcecode.swift; path = WABarView.swift; sourceTree = "<group>"; };
		350607732A04F77600A31BE6 /* DailyPerformanceView.swift */ = {isa = PBXFileReference; lastKnownFileType = sourcecode.swift; path = DailyPerformanceView.swift; sourceTree = "<group>"; };
		350607772A050A8B00A31BE6 /* MonthlyPerformanceView.swift */ = {isa = PBXFileReference; lastKnownFileType = sourcecode.swift; path = MonthlyPerformanceView.swift; sourceTree = "<group>"; };
		3506077B2A050D2400A31BE6 /* WAChartsView.swift */ = {isa = PBXFileReference; lastKnownFileType = sourcecode.swift; path = WAChartsView.swift; sourceTree = "<group>"; };
		3506077D2A0559D200A31BE6 /* YAxisView.swift */ = {isa = PBXFileReference; lastKnownFileType = sourcecode.swift; path = YAxisView.swift; sourceTree = "<group>"; };
		3506077F2A0563C300A31BE6 /* XAxisView.swift */ = {isa = PBXFileReference; lastKnownFileType = sourcecode.swift; path = XAxisView.swift; sourceTree = "<group>"; };
		350607822A058A7A00A31BE6 /* ChartView.swift */ = {isa = PBXFileReference; lastKnownFileType = sourcecode.swift; path = ChartView.swift; sourceTree = "<group>"; };
		350607862A06579300A31BE6 /* SectionHeader.swift */ = {isa = PBXFileReference; lastKnownFileType = sourcecode.swift; path = SectionHeader.swift; sourceTree = "<group>"; };
		351EB63329F514C80084A202 /* WorkoutApp.app */ = {isa = PBXFileReference; explicitFileType = wrapper.application; includeInIndex = 0; path = WorkoutApp.app; sourceTree = BUILT_PRODUCTS_DIR; };
		351EB63629F514C80084A202 /* AppDelegate.swift */ = {isa = PBXFileReference; lastKnownFileType = sourcecode.swift; path = AppDelegate.swift; sourceTree = "<group>"; };
		351EB63829F514C80084A202 /* SceneDelegate.swift */ = {isa = PBXFileReference; lastKnownFileType = sourcecode.swift; path = SceneDelegate.swift; sourceTree = "<group>"; };
		351EB63A29F514C80084A202 /* OverviewController.swift */ = {isa = PBXFileReference; lastKnownFileType = sourcecode.swift; path = OverviewController.swift; sourceTree = "<group>"; };
		351EB63F29F514CB0084A202 /* Assets.xcassets */ = {isa = PBXFileReference; lastKnownFileType = folder.assetcatalog; path = Assets.xcassets; sourceTree = "<group>"; };
		351EB64229F514CB0084A202 /* Base */ = {isa = PBXFileReference; lastKnownFileType = file.storyboard; name = Base; path = Base.lproj/LaunchScreen.storyboard; sourceTree = "<group>"; };
		351EB64429F514CB0084A202 /* Info.plist */ = {isa = PBXFileReference; lastKnownFileType = text.plist.xml; path = Info.plist; sourceTree = "<group>"; };
		351EB64C29F5170F0084A202 /* TabBarController.swift */ = {isa = PBXFileReference; lastKnownFileType = sourcecode.swift; path = TabBarController.swift; sourceTree = "<group>"; };
		351EB64F29F5191D0084A202 /* UIColor+ext.swift */ = {isa = PBXFileReference; lastKnownFileType = sourcecode.swift; path = "UIColor+ext.swift"; sourceTree = "<group>"; };
		351EB65229F51A390084A202 /* R.swift */ = {isa = PBXFileReference; lastKnownFileType = sourcecode.swift; path = R.swift; sourceTree = "<group>"; };
		351EB65429F52B0A0084A202 /* NavBarController.swift */ = {isa = PBXFileReference; lastKnownFileType = sourcecode.swift; path = NavBarController.swift; sourceTree = "<group>"; };
		351EB65729F52F770084A202 /* BaseController.swift */ = {isa = PBXFileReference; lastKnownFileType = sourcecode.swift; path = BaseController.swift; sourceTree = "<group>"; };
		351EB65929F531720084A202 /* UIView+ext.swift */ = {isa = PBXFileReference; lastKnownFileType = sourcecode.swift; path = "UIView+ext.swift"; sourceTree = "<group>"; };
		351EB66029F533A30084A202 /* SessionController.swift */ = {isa = PBXFileReference; lastKnownFileType = sourcecode.swift; path = SessionController.swift; sourceTree = "<group>"; };
		351EB66229F543400084A202 /* ProgressController.swift */ = {isa = PBXFileReference; lastKnownFileType = sourcecode.swift; path = ProgressController.swift; sourceTree = "<group>"; };
		351EB66429F543550084A202 /* SettingsController.swift */ = {isa = PBXFileReference; lastKnownFileType = sourcecode.swift; path = SettingsController.swift; sourceTree = "<group>"; };
		351EB66729F5507B0084A202 /* WAButton.swift */ = {isa = PBXFileReference; lastKnownFileType = sourcecode.swift; path = WAButton.swift; sourceTree = "<group>"; };
		351EB66929F5A5580084A202 /* OverviewNavBar.swift */ = {isa = PBXFileReference; lastKnownFileType = sourcecode.swift; path = OverviewNavBar.swift; sourceTree = "<group>"; };
		351EB66B29F5A59A0084A202 /* WABaseView.swift */ = {isa = PBXFileReference; lastKnownFileType = sourcecode.swift; path = WABaseView.swift; sourceTree = "<group>"; };
		351EB66E29F67E7B0084A202 /* WeekView.swift */ = {isa = PBXFileReference; lastKnownFileType = sourcecode.swift; path = WeekView.swift; sourceTree = "<group>"; };
		351EB67029F680800084A202 /* WeekdayView.swift */ = {isa = PBXFileReference; lastKnownFileType = sourcecode.swift; path = WeekdayView.swift; sourceTree = "<group>"; };
		351EB67229F688BF0084A202 /* Date+ext.swift */ = {isa = PBXFileReference; lastKnownFileType = sourcecode.swift; path = "Date+ext.swift"; sourceTree = "<group>"; };
		351EB67629F6978D0084A202 /* WABaseInfoView.swift */ = {isa = PBXFileReference; lastKnownFileType = sourcecode.swift; path = WABaseInfoView.swift; sourceTree = "<group>"; };
		357E75E129FA6CD700DAC53D /* TimerView.swift */ = {isa = PBXFileReference; lastKnownFileType = sourcecode.swift; path = TimerView.swift; sourceTree = "<group>"; };
		357E75E429FA6D7500DAC53D /* ProgressView.swift */ = {isa = PBXFileReference; lastKnownFileType = sourcecode.swift; path = ProgressView.swift; sourceTree = "<group>"; };
		35BE0C0B2A01838D008F539F /* PercentView.swift */ = {isa = PBXFileReference; lastKnownFileType = sourcecode.swift; path = PercentView.swift; sourceTree = "<group>"; };
/* End PBXFileReference section */

/* Begin PBXFrameworksBuildPhase section */
		351EB63029F514C80084A202 /* Frameworks */ = {
			isa = PBXFrameworksBuildPhase;
			buildActionMask = 2147483647;
			files = (
			);
			runOnlyForDeploymentPostprocessing = 0;
		};
/* End PBXFrameworksBuildPhase section */

/* Begin PBXGroup section */
		350607612A027C5E00A31BE6 /* Stats */ = {
			isa = PBXGroup;
			children = (
				350607652A02836000A31BE6 /* Views */,
				350607632A02832D00A31BE6 /* StatsView.swift */,
			);
			path = Stats;
			sourceTree = "<group>";
		};
		350607622A027C6A00A31BE6 /* Steps */ = {
			isa = PBXGroup;
			children = (
				350607682A0427C800A31BE6 /* StepsView.swift */,
			);
			path = Steps;
			sourceTree = "<group>";
		};
		350607652A02836000A31BE6 /* Views */ = {
			isa = PBXGroup;
			children = (
				350607662A02837B00A31BE6 /* StatsItemView.swift */,
			);
			path = Views;
			sourceTree = "<group>";
		};
		3506076A2A0428FD00A31BE6 /* WABarsView */ = {
			isa = PBXGroup;
			children = (
				3506076D2A04293400A31BE6 /* Views */,
			);
			path = WABarsView;
			sourceTree = "<group>";
		};
		3506076D2A04293400A31BE6 /* Views */ = {
			isa = PBXGroup;
			children = (
				350607702A042D8100A31BE6 /* WABarView.swift */,
			);
			path = Views;
			sourceTree = "<group>";
		};
		350607722A04F75100A31BE6 /* Views */ = {
			isa = PBXGroup;
			children = (
				350607752A04F79C00A31BE6 /* DailyPerformance */,
			);
			path = Views;
			sourceTree = "<group>";
		};
		350607752A04F79C00A31BE6 /* DailyPerformance */ = {
			isa = PBXGroup;
			children = (
				350607732A04F77600A31BE6 /* DailyPerformanceView.swift */,
			);
			path = DailyPerformance;
			sourceTree = "<group>";
		};
		350607762A050A5000A31BE6 /* MonthlyPerformance */ = {
			isa = PBXGroup;
			children = (
				350607772A050A8B00A31BE6 /* MonthlyPerformanceView.swift */,
			);
			path = MonthlyPerformance;
			sourceTree = "<group>";
		};
		350607792A050CFB00A31BE6 /* WACharts */ = {
			isa = PBXGroup;
			children = (
				3506077A2A050D1200A31BE6 /* Views */,
			);
			path = WACharts;
			sourceTree = "<group>";
		};
		3506077A2A050D1200A31BE6 /* Views */ = {
			isa = PBXGroup;
			children = (
				3506077B2A050D2400A31BE6 /* WAChartsView.swift */,
				3506077D2A0559D200A31BE6 /* YAxisView.swift */,
				3506077F2A0563C300A31BE6 /* XAxisView.swift */,
				350607822A058A7A00A31BE6 /* ChartView.swift */,
			);
			path = Views;
			sourceTree = "<group>";
		};
		350607842A06576400A31BE6 /* CollectionView */ = {
			isa = PBXGroup;
			children = (
				350607852A06577D00A31BE6 /* Views */,
			);
			path = CollectionView;
			sourceTree = "<group>";
		};
		350607852A06577D00A31BE6 /* Views */ = {
			isa = PBXGroup;
			children = (
				350607862A06579300A31BE6 /* SectionHeader.swift */,
			);
			path = Views;
			sourceTree = "<group>";
		};
		351EB62A29F514C80084A202 = {
			isa = PBXGroup;
			children = (
				351EB63529F514C80084A202 /* WorkoutApp */,
				351EB63429F514C80084A202 /* Products */,
			);
			sourceTree = "<group>";
		};
		351EB63429F514C80084A202 /* Products */ = {
			isa = PBXGroup;
			children = (
				351EB63329F514C80084A202 /* WorkoutApp.app */,
			);
			name = Products;
			sourceTree = "<group>";
		};
		351EB63529F514C80084A202 /* WorkoutApp */ = {
			isa = PBXGroup;
			children = (
				351EB64E29F518FE0084A202 /* Helpers */,
				351EB64B29F5151D0084A202 /* SupportingFiles */,
				351EB64A29F514FA0084A202 /* Application */,
				351EB65629F52F580084A202 /* Controllers */,
			);
			path = WorkoutApp;
			sourceTree = "<group>";
		};
		351EB64A29F514FA0084A202 /* Application */ = {
			isa = PBXGroup;
			children = (
				351EB63629F514C80084A202 /* AppDelegate.swift */,
				351EB63829F514C80084A202 /* SceneDelegate.swift */,
			);
			path = Application;
			sourceTree = "<group>";
		};
		351EB64B29F5151D0084A202 /* SupportingFiles */ = {
			isa = PBXGroup;
			children = (
				351EB63F29F514CB0084A202 /* Assets.xcassets */,
				351EB64129F514CB0084A202 /* LaunchScreen.storyboard */,
				351EB64429F514CB0084A202 /* Info.plist */,
			);
			path = SupportingFiles;
			sourceTree = "<group>";
		};
		351EB64E29F518FE0084A202 /* Helpers */ = {
			isa = PBXGroup;
			children = (
				351EB65129F519310084A202 /* Extensions */,
				351EB65229F51A390084A202 /* R.swift */,
			);
			path = Helpers;
			sourceTree = "<group>";
		};
		351EB65129F519310084A202 /* Extensions */ = {
			isa = PBXGroup;
			children = (
				351EB64F29F5191D0084A202 /* UIColor+ext.swift */,
				351EB65929F531720084A202 /* UIView+ext.swift */,
				351EB67229F688BF0084A202 /* Date+ext.swift */,
			);
			path = Extensions;
			sourceTree = "<group>";
		};
		351EB65629F52F580084A202 /* Controllers */ = {
			isa = PBXGroup;
			children = (
				351EB67429F694E80084A202 /* Navigation */,
				351EB65B29F5333A0084A202 /* Base */,
				351EB65C29F533410084A202 /* Overview */,
				351EB65D29F533560084A202 /* Session */,
				351EB65E29F5335F0084A202 /* Progress */,
				351EB65F29F5338A0084A202 /* Settings */,
			);
			path = Controllers;
			sourceTree = "<group>";
		};
		351EB65B29F5333A0084A202 /* Base */ = {
			isa = PBXGroup;
			children = (
				357E75DF29F9325400DAC53D /* Button */,
				351EB65729F52F770084A202 /* BaseController.swift */,
				351EB67529F697720084A202 /* Views */,
			);
			path = Base;
			sourceTree = "<group>";
		};
		351EB65C29F533410084A202 /* Overview */ = {
			isa = PBXGroup;
			children = (
				351EB66629F550550084A202 /* Views */,
				351EB63A29F514C80084A202 /* OverviewController.swift */,
			);
			path = Overview;
			sourceTree = "<group>";
		};
		351EB65D29F533560084A202 /* Session */ = {
			isa = PBXGroup;
			children = (
				357E75E029FA6CC000DAC53D /* Views */,
				351EB66029F533A30084A202 /* SessionController.swift */,
			);
			path = Session;
			sourceTree = "<group>";
		};
		351EB65E29F5335F0084A202 /* Progress */ = {
			isa = PBXGroup;
			children = (
				350607722A04F75100A31BE6 /* Views */,
				350607762A050A5000A31BE6 /* MonthlyPerformance */,
				351EB66229F543400084A202 /* ProgressController.swift */,
			);
			path = Progress;
			sourceTree = "<group>";
		};
		351EB65F29F5338A0084A202 /* Settings */ = {
			isa = PBXGroup;
			children = (
				351EB66429F543550084A202 /* SettingsController.swift */,
			);
			path = Settings;
			sourceTree = "<group>";
		};
		351EB66629F550550084A202 /* Views */ = {
			isa = PBXGroup;
			children = (
				350607842A06576400A31BE6 /* CollectionView */,
				351EB66D29F67E680084A202 /* WeekView */,
				351EB66929F5A5580084A202 /* OverviewNavBar.swift */,
			);
			path = Views;
			sourceTree = "<group>";
		};
		351EB66D29F67E680084A202 /* WeekView */ = {
			isa = PBXGroup;
			children = (
				351EB66E29F67E7B0084A202 /* WeekView.swift */,
				351EB67029F680800084A202 /* WeekdayView.swift */,
			);
			path = WeekView;
			sourceTree = "<group>";
		};
		351EB67429F694E80084A202 /* Navigation */ = {
			isa = PBXGroup;
			children = (
				351EB64C29F5170F0084A202 /* TabBarController.swift */,
				351EB65429F52B0A0084A202 /* NavBarController.swift */,
			);
			path = Navigation;
			sourceTree = "<group>";
		};
		351EB67529F697720084A202 /* Views */ = {
			isa = PBXGroup;
			children = (
				350607792A050CFB00A31BE6 /* WACharts */,
				3506076A2A0428FD00A31BE6 /* WABarsView */,
				351EB66B29F5A59A0084A202 /* WABaseView.swift */,
				351EB67629F6978D0084A202 /* WABaseInfoView.swift */,
				3506076E2A04294500A31BE6 /* WABarsView.swift */,
			);
			path = Views;
			sourceTree = "<group>";
		};
		357E75DF29F9325400DAC53D /* Button */ = {
			isa = PBXGroup;
			children = (
				351EB66729F5507B0084A202 /* WAButton.swift */,
			);
			path = Button;
			sourceTree = "<group>";
		};
		357E75E029FA6CC000DAC53D /* Views */ = {
			isa = PBXGroup;
			children = (
				357E75E329FA6D6300DAC53D /* Timer */,
				350607612A027C5E00A31BE6 /* Stats */,
				350607622A027C6A00A31BE6 /* Steps */,
			);
			path = Views;
			sourceTree = "<group>";
		};
		357E75E329FA6D6300DAC53D /* Timer */ = {
			isa = PBXGroup;
			children = (
				357E75E129FA6CD700DAC53D /* TimerView.swift */,
				357E75E429FA6D7500DAC53D /* ProgressView.swift */,
				35BE0C0B2A01838D008F539F /* PercentView.swift */,
			);
			path = Timer;
			sourceTree = "<group>";
		};
/* End PBXGroup section */

/* Begin PBXNativeTarget section */
		351EB63229F514C80084A202 /* WorkoutApp */ = {
			isa = PBXNativeTarget;
			buildConfigurationList = 351EB64729F514CB0084A202 /* Build configuration list for PBXNativeTarget "WorkoutApp" */;
			buildPhases = (
				351EB62F29F514C80084A202 /* Sources */,
				351EB63029F514C80084A202 /* Frameworks */,
				351EB63129F514C80084A202 /* Resources */,
			);
			buildRules = (
			);
			dependencies = (
			);
			name = WorkoutApp;
			productName = WorkoutApp;
			productReference = 351EB63329F514C80084A202 /* WorkoutApp.app */;
			productType = "com.apple.product-type.application";
		};
/* End PBXNativeTarget section */

/* Begin PBXProject section */
		351EB62B29F514C80084A202 /* Project object */ = {
			isa = PBXProject;
			attributes = {
				BuildIndependentTargetsInParallel = 1;
				LastSwiftUpdateCheck = 1430;
				LastUpgradeCheck = 1430;
				TargetAttributes = {
					351EB63229F514C80084A202 = {
						CreatedOnToolsVersion = 14.3;
					};
				};
			};
			buildConfigurationList = 351EB62E29F514C80084A202 /* Build configuration list for PBXProject "WorkoutApp" */;
			compatibilityVersion = "Xcode 14.0";
			developmentRegion = en;
			hasScannedForEncodings = 0;
			knownRegions = (
				en,
				Base,
			);
			mainGroup = 351EB62A29F514C80084A202;
			productRefGroup = 351EB63429F514C80084A202 /* Products */;
			projectDirPath = "";
			projectRoot = "";
			targets = (
				351EB63229F514C80084A202 /* WorkoutApp */,
			);
		};
/* End PBXProject section */

/* Begin PBXResourcesBuildPhase section */
		351EB63129F514C80084A202 /* Resources */ = {
			isa = PBXResourcesBuildPhase;
			buildActionMask = 2147483647;
			files = (
				351EB64329F514CB0084A202 /* LaunchScreen.storyboard in Resources */,
				351EB64029F514CB0084A202 /* Assets.xcassets in Resources */,
			);
			runOnlyForDeploymentPostprocessing = 0;
		};
/* End PBXResourcesBuildPhase section */

/* Begin PBXSourcesBuildPhase section */
		351EB62F29F514C80084A202 /* Sources */ = {
			isa = PBXSourcesBuildPhase;
			buildActionMask = 2147483647;
			files = (
				351EB66F29F67E7B0084A202 /* WeekView.swift in Sources */,
				351EB66529F543550084A202 /* SettingsController.swift in Sources */,
				351EB63B29F514C80084A202 /* OverviewController.swift in Sources */,
				351EB66A29F5A5580084A202 /* OverviewNavBar.swift in Sources */,
				351EB64D29F5170F0084A202 /* TabBarController.swift in Sources */,
				350607782A050A8B00A31BE6 /* MonthlyPerformanceView.swift in Sources */,
				351EB63729F514C80084A202 /* AppDelegate.swift in Sources */,
				351EB65529F52B0A0084A202 /* NavBarController.swift in Sources */,
				350607712A042D8100A31BE6 /* WABarView.swift in Sources */,
				351EB66129F533A30084A202 /* SessionController.swift in Sources */,
				350607742A04F77600A31BE6 /* DailyPerformanceView.swift in Sources */,
				3506077C2A050D2400A31BE6 /* WAChartsView.swift in Sources */,
				350607872A06579300A31BE6 /* SectionHeader.swift in Sources */,
				351EB66829F5507B0084A202 /* WAButton.swift in Sources */,
				351EB67729F6978D0084A202 /* WABaseInfoView.swift in Sources */,
				357E75E229FA6CD700DAC53D /* TimerView.swift in Sources */,
				357E75E529FA6D7500DAC53D /* ProgressView.swift in Sources */,
				351EB67329F688BF0084A202 /* Date+ext.swift in Sources */,
				350607692A0427C800A31BE6 /* StepsView.swift in Sources */,
				350607802A0563C300A31BE6 /* XAxisView.swift in Sources */,
				3506077E2A0559D200A31BE6 /* YAxisView.swift in Sources */,
				351EB66329F543400084A202 /* ProgressController.swift in Sources */,
				351EB65329F51A390084A202 /* R.swift in Sources */,
				350607672A02837B00A31BE6 /* StatsItemView.swift in Sources */,
				351EB63929F514C80084A202 /* SceneDelegate.swift in Sources */,
				35BE0C0C2A01838D008F539F /* PercentView.swift in Sources */,
				351EB65A29F531720084A202 /* UIView+ext.swift in Sources */,
				3506076F2A04294500A31BE6 /* WABarsView.swift in Sources */,
				351EB66C29F5A59A0084A202 /* WABaseView.swift in Sources */,
				351EB67129F680800084A202 /* WeekdayView.swift in Sources */,
				350607832A058A7A00A31BE6 /* ChartView.swift in Sources */,
				350607642A02832D00A31BE6 /* StatsView.swift in Sources */,
				351EB65829F52F770084A202 /* BaseController.swift in Sources */,
				351EB65029F5191D0084A202 /* UIColor+ext.swift in Sources */,
			);
			runOnlyForDeploymentPostprocessing = 0;
		};
/* End PBXSourcesBuildPhase section */

/* Begin PBXVariantGroup section */
		351EB64129F514CB0084A202 /* LaunchScreen.storyboard */ = {
			isa = PBXVariantGroup;
			children = (
				351EB64229F514CB0084A202 /* Base */,
			);
			name = LaunchScreen.storyboard;
			sourceTree = "<group>";
		};
/* End PBXVariantGroup section */

/* Begin XCBuildConfiguration section */
		351EB64529F514CB0084A202 /* Debug */ = {
			isa = XCBuildConfiguration;
			buildSettings = {
				ALWAYS_SEARCH_USER_PATHS = NO;
				CLANG_ANALYZER_NONNULL = YES;
				CLANG_ANALYZER_NUMBER_OBJECT_CONVERSION = YES_AGGRESSIVE;
				CLANG_CXX_LANGUAGE_STANDARD = "gnu++20";
				CLANG_ENABLE_MODULES = YES;
				CLANG_ENABLE_OBJC_ARC = YES;
				CLANG_ENABLE_OBJC_WEAK = YES;
				CLANG_WARN_BLOCK_CAPTURE_AUTORELEASING = YES;
				CLANG_WARN_BOOL_CONVERSION = YES;
				CLANG_WARN_COMMA = YES;
				CLANG_WARN_CONSTANT_CONVERSION = YES;
				CLANG_WARN_DEPRECATED_OBJC_IMPLEMENTATIONS = YES;
				CLANG_WARN_DIRECT_OBJC_ISA_USAGE = YES_ERROR;
				CLANG_WARN_DOCUMENTATION_COMMENTS = YES;
				CLANG_WARN_EMPTY_BODY = YES;
				CLANG_WARN_ENUM_CONVERSION = YES;
				CLANG_WARN_INFINITE_RECURSION = YES;
				CLANG_WARN_INT_CONVERSION = YES;
				CLANG_WARN_NON_LITERAL_NULL_CONVERSION = YES;
				CLANG_WARN_OBJC_IMPLICIT_RETAIN_SELF = YES;
				CLANG_WARN_OBJC_LITERAL_CONVERSION = YES;
				CLANG_WARN_OBJC_ROOT_CLASS = YES_ERROR;
				CLANG_WARN_QUOTED_INCLUDE_IN_FRAMEWORK_HEADER = YES;
				CLANG_WARN_RANGE_LOOP_ANALYSIS = YES;
				CLANG_WARN_STRICT_PROTOTYPES = YES;
				CLANG_WARN_SUSPICIOUS_MOVE = YES;
				CLANG_WARN_UNGUARDED_AVAILABILITY = YES_AGGRESSIVE;
				CLANG_WARN_UNREACHABLE_CODE = YES;
				CLANG_WARN__DUPLICATE_METHOD_MATCH = YES;
				COPY_PHASE_STRIP = NO;
				DEBUG_INFORMATION_FORMAT = dwarf;
				ENABLE_STRICT_OBJC_MSGSEND = YES;
				ENABLE_TESTABILITY = YES;
				GCC_C_LANGUAGE_STANDARD = gnu11;
				GCC_DYNAMIC_NO_PIC = NO;
				GCC_NO_COMMON_BLOCKS = YES;
				GCC_OPTIMIZATION_LEVEL = 0;
				GCC_PREPROCESSOR_DEFINITIONS = (
					"DEBUG=1",
					"$(inherited)",
				);
				GCC_WARN_64_TO_32_BIT_CONVERSION = YES;
				GCC_WARN_ABOUT_RETURN_TYPE = YES_ERROR;
				GCC_WARN_UNDECLARED_SELECTOR = YES;
				GCC_WARN_UNINITIALIZED_AUTOS = YES_AGGRESSIVE;
				GCC_WARN_UNUSED_FUNCTION = YES;
				GCC_WARN_UNUSED_VARIABLE = YES;
				IPHONEOS_DEPLOYMENT_TARGET = 16.4;
				MTL_ENABLE_DEBUG_INFO = INCLUDE_SOURCE;
				MTL_FAST_MATH = YES;
				ONLY_ACTIVE_ARCH = YES;
				SDKROOT = iphoneos;
				SWIFT_ACTIVE_COMPILATION_CONDITIONS = DEBUG;
				SWIFT_OPTIMIZATION_LEVEL = "-Onone";
			};
			name = Debug;
		};
		351EB64629F514CB0084A202 /* Release */ = {
			isa = XCBuildConfiguration;
			buildSettings = {
				ALWAYS_SEARCH_USER_PATHS = NO;
				CLANG_ANALYZER_NONNULL = YES;
				CLANG_ANALYZER_NUMBER_OBJECT_CONVERSION = YES_AGGRESSIVE;
				CLANG_CXX_LANGUAGE_STANDARD = "gnu++20";
				CLANG_ENABLE_MODULES = YES;
				CLANG_ENABLE_OBJC_ARC = YES;
				CLANG_ENABLE_OBJC_WEAK = YES;
				CLANG_WARN_BLOCK_CAPTURE_AUTORELEASING = YES;
				CLANG_WARN_BOOL_CONVERSION = YES;
				CLANG_WARN_COMMA = YES;
				CLANG_WARN_CONSTANT_CONVERSION = YES;
				CLANG_WARN_DEPRECATED_OBJC_IMPLEMENTATIONS = YES;
				CLANG_WARN_DIRECT_OBJC_ISA_USAGE = YES_ERROR;
				CLANG_WARN_DOCUMENTATION_COMMENTS = YES;
				CLANG_WARN_EMPTY_BODY = YES;
				CLANG_WARN_ENUM_CONVERSION = YES;
				CLANG_WARN_INFINITE_RECURSION = YES;
				CLANG_WARN_INT_CONVERSION = YES;
				CLANG_WARN_NON_LITERAL_NULL_CONVERSION = YES;
				CLANG_WARN_OBJC_IMPLICIT_RETAIN_SELF = YES;
				CLANG_WARN_OBJC_LITERAL_CONVERSION = YES;
				CLANG_WARN_OBJC_ROOT_CLASS = YES_ERROR;
				CLANG_WARN_QUOTED_INCLUDE_IN_FRAMEWORK_HEADER = YES;
				CLANG_WARN_RANGE_LOOP_ANALYSIS = YES;
				CLANG_WARN_STRICT_PROTOTYPES = YES;
				CLANG_WARN_SUSPICIOUS_MOVE = YES;
				CLANG_WARN_UNGUARDED_AVAILABILITY = YES_AGGRESSIVE;
				CLANG_WARN_UNREACHABLE_CODE = YES;
				CLANG_WARN__DUPLICATE_METHOD_MATCH = YES;
				COPY_PHASE_STRIP = NO;
				DEBUG_INFORMATION_FORMAT = "dwarf-with-dsym";
				ENABLE_NS_ASSERTIONS = NO;
				ENABLE_STRICT_OBJC_MSGSEND = YES;
				GCC_C_LANGUAGE_STANDARD = gnu11;
				GCC_NO_COMMON_BLOCKS = YES;
				GCC_WARN_64_TO_32_BIT_CONVERSION = YES;
				GCC_WARN_ABOUT_RETURN_TYPE = YES_ERROR;
				GCC_WARN_UNDECLARED_SELECTOR = YES;
				GCC_WARN_UNINITIALIZED_AUTOS = YES_AGGRESSIVE;
				GCC_WARN_UNUSED_FUNCTION = YES;
				GCC_WARN_UNUSED_VARIABLE = YES;
				IPHONEOS_DEPLOYMENT_TARGET = 16.4;
				MTL_ENABLE_DEBUG_INFO = NO;
				MTL_FAST_MATH = YES;
				SDKROOT = iphoneos;
				SWIFT_COMPILATION_MODE = wholemodule;
				SWIFT_OPTIMIZATION_LEVEL = "-O";
				VALIDATE_PRODUCT = YES;
			};
			name = Release;
		};
		351EB64829F514CB0084A202 /* Debug */ = {
			isa = XCBuildConfiguration;
			buildSettings = {
				ASSETCATALOG_COMPILER_APPICON_NAME = AppIcon;
				ASSETCATALOG_COMPILER_GLOBAL_ACCENT_COLOR_NAME = AccentColor;
				CODE_SIGN_STYLE = Automatic;
				CURRENT_PROJECT_VERSION = 1;
				DEVELOPMENT_TEAM = 7GR66NG8SN;
				GENERATE_INFOPLIST_FILE = YES;
				INFOPLIST_FILE = WorkoutApp/SupportingFiles/Info.plist;
				INFOPLIST_KEY_UIApplicationSupportsIndirectInputEvents = YES;
				INFOPLIST_KEY_UILaunchStoryboardName = LaunchScreen;
				INFOPLIST_KEY_UISupportedInterfaceOrientations = UIInterfaceOrientationPortrait;
				INFOPLIST_KEY_UISupportedInterfaceOrientations_iPad = "UIInterfaceOrientationLandscapeLeft UIInterfaceOrientationLandscapeRight UIInterfaceOrientationPortrait UIInterfaceOrientationPortraitUpsideDown";
				LD_RUNPATH_SEARCH_PATHS = (
					"$(inherited)",
					"@executable_path/Frameworks",
				);
				MARKETING_VERSION = 1.0;
				PRODUCT_BUNDLE_IDENTIFIER = com.silencepeaceoff.WorkoutApp;
				PRODUCT_NAME = "$(TARGET_NAME)";
				SUPPORTED_PLATFORMS = "iphoneos iphonesimulator";
				SUPPORTS_MACCATALYST = NO;
				SUPPORTS_MAC_DESIGNED_FOR_IPHONE_IPAD = NO;
				SWIFT_EMIT_LOC_STRINGS = YES;
				SWIFT_VERSION = 5.0;
				TARGETED_DEVICE_FAMILY = 1;
			};
			name = Debug;
		};
		351EB64929F514CB0084A202 /* Release */ = {
			isa = XCBuildConfiguration;
			buildSettings = {
				ASSETCATALOG_COMPILER_APPICON_NAME = AppIcon;
				ASSETCATALOG_COMPILER_GLOBAL_ACCENT_COLOR_NAME = AccentColor;
				CODE_SIGN_STYLE = Automatic;
				CURRENT_PROJECT_VERSION = 1;
				DEVELOPMENT_TEAM = 7GR66NG8SN;
				GENERATE_INFOPLIST_FILE = YES;
				INFOPLIST_FILE = WorkoutApp/SupportingFiles/Info.plist;
				INFOPLIST_KEY_UIApplicationSupportsIndirectInputEvents = YES;
				INFOPLIST_KEY_UILaunchStoryboardName = LaunchScreen;
				INFOPLIST_KEY_UISupportedInterfaceOrientations = UIInterfaceOrientationPortrait;
				INFOPLIST_KEY_UISupportedInterfaceOrientations_iPad = "UIInterfaceOrientationLandscapeLeft UIInterfaceOrientationLandscapeRight UIInterfaceOrientationPortrait UIInterfaceOrientationPortraitUpsideDown";
				LD_RUNPATH_SEARCH_PATHS = (
					"$(inherited)",
					"@executable_path/Frameworks",
				);
				MARKETING_VERSION = 1.0;
				PRODUCT_BUNDLE_IDENTIFIER = com.silencepeaceoff.WorkoutApp;
				PRODUCT_NAME = "$(TARGET_NAME)";
				SUPPORTED_PLATFORMS = "iphoneos iphonesimulator";
				SUPPORTS_MACCATALYST = NO;
				SUPPORTS_MAC_DESIGNED_FOR_IPHONE_IPAD = NO;
				SWIFT_EMIT_LOC_STRINGS = YES;
				SWIFT_VERSION = 5.0;
				TARGETED_DEVICE_FAMILY = 1;
			};
			name = Release;
		};
/* End XCBuildConfiguration section */

/* Begin XCConfigurationList section */
		351EB62E29F514C80084A202 /* Build configuration list for PBXProject "WorkoutApp" */ = {
			isa = XCConfigurationList;
			buildConfigurations = (
				351EB64529F514CB0084A202 /* Debug */,
				351EB64629F514CB0084A202 /* Release */,
			);
			defaultConfigurationIsVisible = 0;
			defaultConfigurationName = Release;
		};
		351EB64729F514CB0084A202 /* Build configuration list for PBXNativeTarget "WorkoutApp" */ = {
			isa = XCConfigurationList;
			buildConfigurations = (
				351EB64829F514CB0084A202 /* Debug */,
				351EB64929F514CB0084A202 /* Release */,
			);
			defaultConfigurationIsVisible = 0;
			defaultConfigurationName = Release;
		};
/* End XCConfigurationList section */
	};
	rootObject = 351EB62B29F514C80084A202 /* Project object */;
}
